// !$*UTF8*$!
{
	archiveVersion = 1;
	classes = {
	};
	objectVersion = 56;
	objects = {

/* Begin PBXBuildFile section */
		0D12024E2BDAB7A3004F1746 /* HappyBirthdayApp.swift in Sources */ = {isa = PBXBuildFile; fileRef = 0D12024D2BDAB7A3004F1746 /* HappyBirthdayApp.swift */; };
		0D1202502BDAB7A3004F1746 /* DetailsView.swift in Sources */ = {isa = PBXBuildFile; fileRef = 0D12024F2BDAB7A3004F1746 /* DetailsView.swift */; };
		0D1202542BDAB7A5004F1746 /* Assets.xcassets in Resources */ = {isa = PBXBuildFile; fileRef = 0D1202532BDAB7A5004F1746 /* Assets.xcassets */; };
		0D1202572BDAB7A5004F1746 /* Preview Assets.xcassets in Resources */ = {isa = PBXBuildFile; fileRef = 0D1202562BDAB7A5004F1746 /* Preview Assets.xcassets */; };
		0D1202612BDAB7A5004F1746 /* HappyBirthdayTests.swift in Sources */ = {isa = PBXBuildFile; fileRef = 0D1202602BDAB7A5004F1746 /* HappyBirthdayTests.swift */; };
		0D12026B2BDAB7A5004F1746 /* HappyBirthdayUITests.swift in Sources */ = {isa = PBXBuildFile; fileRef = 0D12026A2BDAB7A5004F1746 /* HappyBirthdayUITests.swift */; };
		0D12026D2BDAB7A5004F1746 /* HappyBirthdayUITestsLaunchTests.swift in Sources */ = {isa = PBXBuildFile; fileRef = 0D12026C2BDAB7A5004F1746 /* HappyBirthdayUITestsLaunchTests.swift */; };
		0D8C8F0B2BDC7F2600CCD8D1 /* AvatarPicker.swift in Sources */ = {isa = PBXBuildFile; fileRef = 0D8C8F0A2BDC7F2600CCD8D1 /* AvatarPicker.swift */; };
		0D8C8F0D2BDC915D00CCD8D1 /* Baby.swift in Sources */ = {isa = PBXBuildFile; fileRef = 0D8C8F0C2BDC915D00CCD8D1 /* Baby.swift */; };
		0D8C8F0F2BDD452000CCD8D1 /* DetailViewModel.swift in Sources */ = {isa = PBXBuildFile; fileRef = 0D8C8F0E2BDD452000CCD8D1 /* DetailViewModel.swift */; };
		0DB2F1212BE5004500347F87 /* BirthdayView.swift in Sources */ = {isa = PBXBuildFile; fileRef = 0DB2F1202BE5004500347F87 /* BirthdayView.swift */; };
		0DB2F1232BE500F900347F87 /* BirthdayTheme.swift in Sources */ = {isa = PBXBuildFile; fileRef = 0DB2F1222BE500F900347F87 /* BirthdayTheme.swift */; };
		0DB2F1252BE501D900347F87 /* BirthdayViewModel.swift in Sources */ = {isa = PBXBuildFile; fileRef = 0DB2F1242BE501D900347F87 /* BirthdayViewModel.swift */; };
		0DB2F1292BE528A800347F87 /* CapsuleButtonStyle.swift in Sources */ = {isa = PBXBuildFile; fileRef = 0DB2F1282BE528A800347F87 /* CapsuleButtonStyle.swift */; };
		0DB2F12C2BE52A6900347F87 /* Color_Ex.swift in Sources */ = {isa = PBXBuildFile; fileRef = 0DB2F12B2BE52A6900347F87 /* Color_Ex.swift */; };
/* End PBXBuildFile section */

/* Begin PBXContainerItemProxy section */
		0D12025D2BDAB7A5004F1746 /* PBXContainerItemProxy */ = {
			isa = PBXContainerItemProxy;
			containerPortal = 0D1202422BDAB7A3004F1746 /* Project object */;
			proxyType = 1;
			remoteGlobalIDString = 0D1202492BDAB7A3004F1746;
			remoteInfo = HappyBirthday;
		};
		0D1202672BDAB7A5004F1746 /* PBXContainerItemProxy */ = {
			isa = PBXContainerItemProxy;
			containerPortal = 0D1202422BDAB7A3004F1746 /* Project object */;
			proxyType = 1;
			remoteGlobalIDString = 0D1202492BDAB7A3004F1746;
			remoteInfo = HappyBirthday;
		};
/* End PBXContainerItemProxy section */

/* Begin PBXFileReference section */
		0D12024A2BDAB7A3004F1746 /* HappyBirthday.app */ = {isa = PBXFileReference; explicitFileType = wrapper.application; includeInIndex = 0; path = HappyBirthday.app; sourceTree = BUILT_PRODUCTS_DIR; };
		0D12024D2BDAB7A3004F1746 /* HappyBirthdayApp.swift */ = {isa = PBXFileReference; lastKnownFileType = sourcecode.swift; path = HappyBirthdayApp.swift; sourceTree = "<group>"; };
		0D12024F2BDAB7A3004F1746 /* DetailsView.swift */ = {isa = PBXFileReference; lastKnownFileType = sourcecode.swift; path = DetailsView.swift; sourceTree = "<group>"; };
		0D1202532BDAB7A5004F1746 /* Assets.xcassets */ = {isa = PBXFileReference; lastKnownFileType = folder.assetcatalog; path = Assets.xcassets; sourceTree = "<group>"; };
		0D1202562BDAB7A5004F1746 /* Preview Assets.xcassets */ = {isa = PBXFileReference; lastKnownFileType = folder.assetcatalog; path = "Preview Assets.xcassets"; sourceTree = "<group>"; };
		0D12025C2BDAB7A5004F1746 /* HappyBirthdayTests.xctest */ = {isa = PBXFileReference; explicitFileType = wrapper.cfbundle; includeInIndex = 0; path = HappyBirthdayTests.xctest; sourceTree = BUILT_PRODUCTS_DIR; };
		0D1202602BDAB7A5004F1746 /* HappyBirthdayTests.swift */ = {isa = PBXFileReference; lastKnownFileType = sourcecode.swift; path = HappyBirthdayTests.swift; sourceTree = "<group>"; };
		0D1202662BDAB7A5004F1746 /* HappyBirthdayUITests.xctest */ = {isa = PBXFileReference; explicitFileType = wrapper.cfbundle; includeInIndex = 0; path = HappyBirthdayUITests.xctest; sourceTree = BUILT_PRODUCTS_DIR; };
		0D12026A2BDAB7A5004F1746 /* HappyBirthdayUITests.swift */ = {isa = PBXFileReference; lastKnownFileType = sourcecode.swift; path = HappyBirthdayUITests.swift; sourceTree = "<group>"; };
		0D12026C2BDAB7A5004F1746 /* HappyBirthdayUITestsLaunchTests.swift */ = {isa = PBXFileReference; lastKnownFileType = sourcecode.swift; path = HappyBirthdayUITestsLaunchTests.swift; sourceTree = "<group>"; };
		0D8C8F0A2BDC7F2600CCD8D1 /* AvatarPicker.swift */ = {isa = PBXFileReference; lastKnownFileType = sourcecode.swift; path = AvatarPicker.swift; sourceTree = "<group>"; };
		0D8C8F0C2BDC915D00CCD8D1 /* Baby.swift */ = {isa = PBXFileReference; lastKnownFileType = sourcecode.swift; path = Baby.swift; sourceTree = "<group>"; };
		0D8C8F0E2BDD452000CCD8D1 /* DetailViewModel.swift */ = {isa = PBXFileReference; lastKnownFileType = sourcecode.swift; path = DetailViewModel.swift; sourceTree = "<group>"; };
		0D9A25102BE6F59D00523D56 /* Info.plist */ = {isa = PBXFileReference; lastKnownFileType = text.plist; path = Info.plist; sourceTree = "<group>"; };
		0DB2F1202BE5004500347F87 /* BirthdayView.swift */ = {isa = PBXFileReference; lastKnownFileType = sourcecode.swift; path = BirthdayView.swift; sourceTree = "<group>"; };
		0DB2F1222BE500F900347F87 /* BirthdayTheme.swift */ = {isa = PBXFileReference; lastKnownFileType = sourcecode.swift; path = BirthdayTheme.swift; sourceTree = "<group>"; };
		0DB2F1242BE501D900347F87 /* BirthdayViewModel.swift */ = {isa = PBXFileReference; lastKnownFileType = sourcecode.swift; path = BirthdayViewModel.swift; sourceTree = "<group>"; };
		0DB2F1282BE528A800347F87 /* CapsuleButtonStyle.swift */ = {isa = PBXFileReference; lastKnownFileType = sourcecode.swift; path = CapsuleButtonStyle.swift; sourceTree = "<group>"; };
		0DB2F12B2BE52A6900347F87 /* Color_Ex.swift */ = {isa = PBXFileReference; lastKnownFileType = sourcecode.swift; path = Color_Ex.swift; sourceTree = "<group>"; };
/* End PBXFileReference section */

/* Begin PBXFrameworksBuildPhase section */
		0D1202472BDAB7A3004F1746 /* Frameworks */ = {
			isa = PBXFrameworksBuildPhase;
			buildActionMask = 2147483647;
			files = (
			);
			runOnlyForDeploymentPostprocessing = 0;
		};
		0D1202592BDAB7A5004F1746 /* Frameworks */ = {
			isa = PBXFrameworksBuildPhase;
			buildActionMask = 2147483647;
			files = (
			);
			runOnlyForDeploymentPostprocessing = 0;
		};
		0D1202632BDAB7A5004F1746 /* Frameworks */ = {
			isa = PBXFrameworksBuildPhase;
			buildActionMask = 2147483647;
			files = (
			);
			runOnlyForDeploymentPostprocessing = 0;
		};
/* End PBXFrameworksBuildPhase section */

/* Begin PBXGroup section */
		0D1202412BDAB7A3004F1746 = {
			isa = PBXGroup;
			children = (
				0D12024C2BDAB7A3004F1746 /* HappyBirthday */,
				0D12025F2BDAB7A5004F1746 /* HappyBirthdayTests */,
				0D1202692BDAB7A5004F1746 /* HappyBirthdayUITests */,
				0D12024B2BDAB7A3004F1746 /* Products */,
			);
			sourceTree = "<group>";
		};
		0D12024B2BDAB7A3004F1746 /* Products */ = {
			isa = PBXGroup;
			children = (
				0D12024A2BDAB7A3004F1746 /* HappyBirthday.app */,
				0D12025C2BDAB7A5004F1746 /* HappyBirthdayTests.xctest */,
				0D1202662BDAB7A5004F1746 /* HappyBirthdayUITests.xctest */,
			);
			name = Products;
			sourceTree = "<group>";
		};
		0D12024C2BDAB7A3004F1746 /* HappyBirthday */ = {
			isa = PBXGroup;
			children = (
				0D9A25102BE6F59D00523D56 /* Info.plist */,
				0D8C8F002BDABC3600CCD8D1 /* Modules */,
				0D8C8EFD2BDABB0300CCD8D1 /* Common */,
				0D8C8EFC2BDABAA100CCD8D1 /* App */,
				0D1202552BDAB7A5004F1746 /* Preview Content */,
			);
			path = HappyBirthday;
			sourceTree = "<group>";
		};
		0D1202552BDAB7A5004F1746 /* Preview Content */ = {
			isa = PBXGroup;
			children = (
				0D1202562BDAB7A5004F1746 /* Preview Assets.xcassets */,
			);
			path = "Preview Content";
			sourceTree = "<group>";
		};
		0D12025F2BDAB7A5004F1746 /* HappyBirthdayTests */ = {
			isa = PBXGroup;
			children = (
				0D1202602BDAB7A5004F1746 /* HappyBirthdayTests.swift */,
			);
			path = HappyBirthdayTests;
			sourceTree = "<group>";
		};
		0D1202692BDAB7A5004F1746 /* HappyBirthdayUITests */ = {
			isa = PBXGroup;
			children = (
				0D12026A2BDAB7A5004F1746 /* HappyBirthdayUITests.swift */,
				0D12026C2BDAB7A5004F1746 /* HappyBirthdayUITestsLaunchTests.swift */,
			);
			path = HappyBirthdayUITests;
			sourceTree = "<group>";
		};
		0D8C8EFC2BDABAA100CCD8D1 /* App */ = {
			isa = PBXGroup;
			children = (
				0D12024D2BDAB7A3004F1746 /* HappyBirthdayApp.swift */,
			);
			path = App;
			sourceTree = "<group>";
		};
		0D8C8EFD2BDABB0300CCD8D1 /* Common */ = {
			isa = PBXGroup;
			children = (
				0DB2F1272BE5287B00347F87 /* Subviews */,
				0D8C8EFF2BDABB2C00CCD8D1 /* Model */,
				0D8C8F022BDABCA800CCD8D1 /* Utilities */,
				0D8C8EFE2BDABB1C00CCD8D1 /* Assets */,
			);
			path = Common;
			sourceTree = "<group>";
		};
		0D8C8EFE2BDABB1C00CCD8D1 /* Assets */ = {
			isa = PBXGroup;
			children = (
				0D1202532BDAB7A5004F1746 /* Assets.xcassets */,
			);
			path = Assets;
			sourceTree = "<group>";
		};
		0D8C8EFF2BDABB2C00CCD8D1 /* Model */ = {
			isa = PBXGroup;
			children = (
				0D8C8F0C2BDC915D00CCD8D1 /* Baby.swift */,
				0DB2F1222BE500F900347F87 /* BirthdayTheme.swift */,
			);
			path = Model;
			sourceTree = "<group>";
		};
		0D8C8F002BDABC3600CCD8D1 /* Modules */ = {
			isa = PBXGroup;
			children = (
				0D8C8F082BDABE8500CCD8D1 /* Details */,
				0DB2F11F2BE5002800347F87 /* Birthday */,
				0D8C8F092BDC7F0A00CCD8D1 /* Avatar Picker */,
			);
			path = Modules;
			sourceTree = "<group>";
		};
		0D8C8F022BDABCA800CCD8D1 /* Utilities */ = {
			isa = PBXGroup;
			children = (
				0DB2F12A2BE52A5200347F87 /* Extensions */,
			);
			path = Utilities;
			sourceTree = "<group>";
		};
		0D8C8F082BDABE8500CCD8D1 /* Details */ = {
			isa = PBXGroup;
			children = (
				0D12024F2BDAB7A3004F1746 /* DetailsView.swift */,
				0D8C8F0E2BDD452000CCD8D1 /* DetailViewModel.swift */,
			);
			path = Details;
			sourceTree = "<group>";
		};
		0D8C8F092BDC7F0A00CCD8D1 /* Avatar Picker */ = {
			isa = PBXGroup;
			children = (
				0D8C8F0A2BDC7F2600CCD8D1 /* AvatarPicker.swift */,
			);
			path = "Avatar Picker";
			sourceTree = "<group>";
		};
		0DB2F11F2BE5002800347F87 /* Birthday */ = {
			isa = PBXGroup;
			children = (
				0DB2F1202BE5004500347F87 /* BirthdayView.swift */,
				0DB2F1242BE501D900347F87 /* BirthdayViewModel.swift */,
			);
			path = Birthday;
			sourceTree = "<group>";
		};
		0DB2F1262BE5285300347F87 /* Capsule Button */ = {
			isa = PBXGroup;
			children = (
				0DB2F1282BE528A800347F87 /* CapsuleButtonStyle.swift */,
			);
			path = "Capsule Button";
			sourceTree = "<group>";
		};
		0DB2F1272BE5287B00347F87 /* Subviews */ = {
			isa = PBXGroup;
			children = (
				0DB2F1262BE5285300347F87 /* Capsule Button */,
			);
			path = Subviews;
			sourceTree = "<group>";
		};
		0DB2F12A2BE52A5200347F87 /* Extensions */ = {
			isa = PBXGroup;
			children = (
				0DB2F12B2BE52A6900347F87 /* Color_Ex.swift */,
			);
			path = Extensions;
			sourceTree = "<group>";
		};
/* End PBXGroup section */

/* Begin PBXNativeTarget section */
		0D1202492BDAB7A3004F1746 /* HappyBirthday */ = {
			isa = PBXNativeTarget;
			buildConfigurationList = 0D1202702BDAB7A5004F1746 /* Build configuration list for PBXNativeTarget "HappyBirthday" */;
			buildPhases = (
				0D1202462BDAB7A3004F1746 /* Sources */,
				0D1202472BDAB7A3004F1746 /* Frameworks */,
				0D1202482BDAB7A3004F1746 /* Resources */,
			);
			buildRules = (
			);
			dependencies = (
			);
			name = HappyBirthday;
			productName = HappyBirthday;
			productReference = 0D12024A2BDAB7A3004F1746 /* HappyBirthday.app */;
			productType = "com.apple.product-type.application";
		};
		0D12025B2BDAB7A5004F1746 /* HappyBirthdayTests */ = {
			isa = PBXNativeTarget;
			buildConfigurationList = 0D1202732BDAB7A5004F1746 /* Build configuration list for PBXNativeTarget "HappyBirthdayTests" */;
			buildPhases = (
				0D1202582BDAB7A5004F1746 /* Sources */,
				0D1202592BDAB7A5004F1746 /* Frameworks */,
				0D12025A2BDAB7A5004F1746 /* Resources */,
			);
			buildRules = (
			);
			dependencies = (
				0D12025E2BDAB7A5004F1746 /* PBXTargetDependency */,
			);
			name = HappyBirthdayTests;
			productName = HappyBirthdayTests;
			productReference = 0D12025C2BDAB7A5004F1746 /* HappyBirthdayTests.xctest */;
			productType = "com.apple.product-type.bundle.unit-test";
		};
		0D1202652BDAB7A5004F1746 /* HappyBirthdayUITests */ = {
			isa = PBXNativeTarget;
			buildConfigurationList = 0D1202762BDAB7A5004F1746 /* Build configuration list for PBXNativeTarget "HappyBirthdayUITests" */;
			buildPhases = (
				0D1202622BDAB7A5004F1746 /* Sources */,
				0D1202632BDAB7A5004F1746 /* Frameworks */,
				0D1202642BDAB7A5004F1746 /* Resources */,
			);
			buildRules = (
			);
			dependencies = (
				0D1202682BDAB7A5004F1746 /* PBXTargetDependency */,
			);
			name = HappyBirthdayUITests;
			productName = HappyBirthdayUITests;
			productReference = 0D1202662BDAB7A5004F1746 /* HappyBirthdayUITests.xctest */;
			productType = "com.apple.product-type.bundle.ui-testing";
		};
/* End PBXNativeTarget section */

/* Begin PBXProject section */
		0D1202422BDAB7A3004F1746 /* Project object */ = {
			isa = PBXProject;
			attributes = {
				BuildIndependentTargetsInParallel = 1;
				LastSwiftUpdateCheck = 1530;
				LastUpgradeCheck = 1530;
				TargetAttributes = {
					0D1202492BDAB7A3004F1746 = {
						CreatedOnToolsVersion = 15.3;
					};
					0D12025B2BDAB7A5004F1746 = {
						CreatedOnToolsVersion = 15.3;
						TestTargetID = 0D1202492BDAB7A3004F1746;
					};
					0D1202652BDAB7A5004F1746 = {
						CreatedOnToolsVersion = 15.3;
						TestTargetID = 0D1202492BDAB7A3004F1746;
					};
				};
			};
			buildConfigurationList = 0D1202452BDAB7A3004F1746 /* Build configuration list for PBXProject "HappyBirthday" */;
			compatibilityVersion = "Xcode 14.0";
			developmentRegion = en;
			hasScannedForEncodings = 0;
			knownRegions = (
				en,
				Base,
			);
			mainGroup = 0D1202412BDAB7A3004F1746;
			productRefGroup = 0D12024B2BDAB7A3004F1746 /* Products */;
			projectDirPath = "";
			projectRoot = "";
			targets = (
				0D1202492BDAB7A3004F1746 /* HappyBirthday */,
				0D12025B2BDAB7A5004F1746 /* HappyBirthdayTests */,
				0D1202652BDAB7A5004F1746 /* HappyBirthdayUITests */,
			);
		};
/* End PBXProject section */

/* Begin PBXResourcesBuildPhase section */
		0D1202482BDAB7A3004F1746 /* Resources */ = {
			isa = PBXResourcesBuildPhase;
			buildActionMask = 2147483647;
			files = (
				0D1202572BDAB7A5004F1746 /* Preview Assets.xcassets in Resources */,
				0D1202542BDAB7A5004F1746 /* Assets.xcassets in Resources */,
			);
			runOnlyForDeploymentPostprocessing = 0;
		};
		0D12025A2BDAB7A5004F1746 /* Resources */ = {
			isa = PBXResourcesBuildPhase;
			buildActionMask = 2147483647;
			files = (
			);
			runOnlyForDeploymentPostprocessing = 0;
		};
		0D1202642BDAB7A5004F1746 /* Resources */ = {
			isa = PBXResourcesBuildPhase;
			buildActionMask = 2147483647;
			files = (
			);
			runOnlyForDeploymentPostprocessing = 0;
		};
/* End PBXResourcesBuildPhase section */

/* Begin PBXSourcesBuildPhase section */
		0D1202462BDAB7A3004F1746 /* Sources */ = {
			isa = PBXSourcesBuildPhase;
			buildActionMask = 2147483647;
			files = (
				0DB2F1232BE500F900347F87 /* BirthdayTheme.swift in Sources */,
				0D1202502BDAB7A3004F1746 /* DetailsView.swift in Sources */,
				0DB2F1212BE5004500347F87 /* BirthdayView.swift in Sources */,
				0D8C8F0B2BDC7F2600CCD8D1 /* AvatarPicker.swift in Sources */,
				0D12024E2BDAB7A3004F1746 /* HappyBirthdayApp.swift in Sources */,
				0DB2F1292BE528A800347F87 /* CapsuleButtonStyle.swift in Sources */,
				0D8C8F0F2BDD452000CCD8D1 /* DetailViewModel.swift in Sources */,
				0DB2F1252BE501D900347F87 /* BirthdayViewModel.swift in Sources */,
				0D8C8F0D2BDC915D00CCD8D1 /* Baby.swift in Sources */,
				0DB2F12C2BE52A6900347F87 /* Color_Ex.swift in Sources */,
			);
			runOnlyForDeploymentPostprocessing = 0;
		};
		0D1202582BDAB7A5004F1746 /* Sources */ = {
			isa = PBXSourcesBuildPhase;
			buildActionMask = 2147483647;
			files = (
				0D1202612BDAB7A5004F1746 /* HappyBirthdayTests.swift in Sources */,
			);
			runOnlyForDeploymentPostprocessing = 0;
		};
		0D1202622BDAB7A5004F1746 /* Sources */ = {
			isa = PBXSourcesBuildPhase;
			buildActionMask = 2147483647;
			files = (
				0D12026D2BDAB7A5004F1746 /* HappyBirthdayUITestsLaunchTests.swift in Sources */,
				0D12026B2BDAB7A5004F1746 /* HappyBirthdayUITests.swift in Sources */,
			);
			runOnlyForDeploymentPostprocessing = 0;
		};
/* End PBXSourcesBuildPhase section */

/* Begin PBXTargetDependency section */
		0D12025E2BDAB7A5004F1746 /* PBXTargetDependency */ = {
			isa = PBXTargetDependency;
			target = 0D1202492BDAB7A3004F1746 /* HappyBirthday */;
			targetProxy = 0D12025D2BDAB7A5004F1746 /* PBXContainerItemProxy */;
		};
		0D1202682BDAB7A5004F1746 /* PBXTargetDependency */ = {
			isa = PBXTargetDependency;
			target = 0D1202492BDAB7A3004F1746 /* HappyBirthday */;
			targetProxy = 0D1202672BDAB7A5004F1746 /* PBXContainerItemProxy */;
		};
/* End PBXTargetDependency section */

/* Begin XCBuildConfiguration section */
		0D12026E2BDAB7A5004F1746 /* Debug */ = {
			isa = XCBuildConfiguration;
			buildSettings = {
				ALWAYS_SEARCH_USER_PATHS = NO;
				ASSETCATALOG_COMPILER_GENERATE_SWIFT_ASSET_SYMBOL_EXTENSIONS = YES;
				CLANG_ANALYZER_NONNULL = YES;
				CLANG_ANALYZER_NUMBER_OBJECT_CONVERSION = YES_AGGRESSIVE;
				CLANG_CXX_LANGUAGE_STANDARD = "gnu++20";
				CLANG_ENABLE_MODULES = YES;
				CLANG_ENABLE_OBJC_ARC = YES;
				CLANG_ENABLE_OBJC_WEAK = YES;
				CLANG_WARN_BLOCK_CAPTURE_AUTORELEASING = YES;
				CLANG_WARN_BOOL_CONVERSION = YES;
				CLANG_WARN_COMMA = YES;
				CLANG_WARN_CONSTANT_CONVERSION = YES;
				CLANG_WARN_DEPRECATED_OBJC_IMPLEMENTATIONS = YES;
				CLANG_WARN_DIRECT_OBJC_ISA_USAGE = YES_ERROR;
				CLANG_WARN_DOCUMENTATION_COMMENTS = YES;
				CLANG_WARN_EMPTY_BODY = YES;
				CLANG_WARN_ENUM_CONVERSION = YES;
				CLANG_WARN_INFINITE_RECURSION = YES;
				CLANG_WARN_INT_CONVERSION = YES;
				CLANG_WARN_NON_LITERAL_NULL_CONVERSION = YES;
				CLANG_WARN_OBJC_IMPLICIT_RETAIN_SELF = YES;
				CLANG_WARN_OBJC_LITERAL_CONVERSION = YES;
				CLANG_WARN_OBJC_ROOT_CLASS = YES_ERROR;
				CLANG_WARN_QUOTED_INCLUDE_IN_FRAMEWORK_HEADER = YES;
				CLANG_WARN_RANGE_LOOP_ANALYSIS = YES;
				CLANG_WARN_STRICT_PROTOTYPES = YES;
				CLANG_WARN_SUSPICIOUS_MOVE = YES;
				CLANG_WARN_UNGUARDED_AVAILABILITY = YES_AGGRESSIVE;
				CLANG_WARN_UNREACHABLE_CODE = YES;
				CLANG_WARN__DUPLICATE_METHOD_MATCH = YES;
				COPY_PHASE_STRIP = NO;
				DEBUG_INFORMATION_FORMAT = dwarf;
				ENABLE_STRICT_OBJC_MSGSEND = YES;
				ENABLE_TESTABILITY = YES;
				ENABLE_USER_SCRIPT_SANDBOXING = YES;
				GCC_C_LANGUAGE_STANDARD = gnu17;
				GCC_DYNAMIC_NO_PIC = NO;
				GCC_NO_COMMON_BLOCKS = YES;
				GCC_OPTIMIZATION_LEVEL = 0;
				GCC_PREPROCESSOR_DEFINITIONS = (
					"DEBUG=1",
					"$(inherited)",
				);
				GCC_WARN_64_TO_32_BIT_CONVERSION = YES;
				GCC_WARN_ABOUT_RETURN_TYPE = YES_ERROR;
				GCC_WARN_UNDECLARED_SELECTOR = YES;
				GCC_WARN_UNINITIALIZED_AUTOS = YES_AGGRESSIVE;
				GCC_WARN_UNUSED_FUNCTION = YES;
				GCC_WARN_UNUSED_VARIABLE = YES;
				IPHONEOS_DEPLOYMENT_TARGET = 17.0;
				LOCALIZATION_PREFERS_STRING_CATALOGS = YES;
				MTL_ENABLE_DEBUG_INFO = INCLUDE_SOURCE;
				MTL_FAST_MATH = YES;
				ONLY_ACTIVE_ARCH = YES;
				SDKROOT = iphoneos;
				SWIFT_ACTIVE_COMPILATION_CONDITIONS = "DEBUG $(inherited)";
				SWIFT_OPTIMIZATION_LEVEL = "-Onone";
			};
			name = Debug;
		};
		0D12026F2BDAB7A5004F1746 /* Release */ = {
			isa = XCBuildConfiguration;
			buildSettings = {
				ALWAYS_SEARCH_USER_PATHS = NO;
				ASSETCATALOG_COMPILER_GENERATE_SWIFT_ASSET_SYMBOL_EXTENSIONS = YES;
				CLANG_ANALYZER_NONNULL = YES;
				CLANG_ANALYZER_NUMBER_OBJECT_CONVERSION = YES_AGGRESSIVE;
				CLANG_CXX_LANGUAGE_STANDARD = "gnu++20";
				CLANG_ENABLE_MODULES = YES;
				CLANG_ENABLE_OBJC_ARC = YES;
				CLANG_ENABLE_OBJC_WEAK = YES;
				CLANG_WARN_BLOCK_CAPTURE_AUTORELEASING = YES;
				CLANG_WARN_BOOL_CONVERSION = YES;
				CLANG_WARN_COMMA = YES;
				CLANG_WARN_CONSTANT_CONVERSION = YES;
				CLANG_WARN_DEPRECATED_OBJC_IMPLEMENTATIONS = YES;
				CLANG_WARN_DIRECT_OBJC_ISA_USAGE = YES_ERROR;
				CLANG_WARN_DOCUMENTATION_COMMENTS = YES;
				CLANG_WARN_EMPTY_BODY = YES;
				CLANG_WARN_ENUM_CONVERSION = YES;
				CLANG_WARN_INFINITE_RECURSION = YES;
				CLANG_WARN_INT_CONVERSION = YES;
				CLANG_WARN_NON_LITERAL_NULL_CONVERSION = YES;
				CLANG_WARN_OBJC_IMPLICIT_RETAIN_SELF = YES;
				CLANG_WARN_OBJC_LITERAL_CONVERSION = YES;
				CLANG_WARN_OBJC_ROOT_CLASS = YES_ERROR;
				CLANG_WARN_QUOTED_INCLUDE_IN_FRAMEWORK_HEADER = YES;
				CLANG_WARN_RANGE_LOOP_ANALYSIS = YES;
				CLANG_WARN_STRICT_PROTOTYPES = YES;
				CLANG_WARN_SUSPICIOUS_MOVE = YES;
				CLANG_WARN_UNGUARDED_AVAILABILITY = YES_AGGRESSIVE;
				CLANG_WARN_UNREACHABLE_CODE = YES;
				CLANG_WARN__DUPLICATE_METHOD_MATCH = YES;
				COPY_PHASE_STRIP = NO;
				DEBUG_INFORMATION_FORMAT = "dwarf-with-dsym";
				ENABLE_NS_ASSERTIONS = NO;
				ENABLE_STRICT_OBJC_MSGSEND = YES;
				ENABLE_USER_SCRIPT_SANDBOXING = YES;
				GCC_C_LANGUAGE_STANDARD = gnu17;
				GCC_NO_COMMON_BLOCKS = YES;
				GCC_WARN_64_TO_32_BIT_CONVERSION = YES;
				GCC_WARN_ABOUT_RETURN_TYPE = YES_ERROR;
				GCC_WARN_UNDECLARED_SELECTOR = YES;
				GCC_WARN_UNINITIALIZED_AUTOS = YES_AGGRESSIVE;
				GCC_WARN_UNUSED_FUNCTION = YES;
				GCC_WARN_UNUSED_VARIABLE = YES;
				IPHONEOS_DEPLOYMENT_TARGET = 17.0;
				LOCALIZATION_PREFERS_STRING_CATALOGS = YES;
				MTL_ENABLE_DEBUG_INFO = NO;
				MTL_FAST_MATH = YES;
				SDKROOT = iphoneos;
				SWIFT_COMPILATION_MODE = wholemodule;
				VALIDATE_PRODUCT = YES;
			};
			name = Release;
		};
		0D1202712BDAB7A5004F1746 /* Debug */ = {
			isa = XCBuildConfiguration;
			buildSettings = {
				ASSETCATALOG_COMPILER_APPICON_NAME = AppIcon;
				ASSETCATALOG_COMPILER_GLOBAL_ACCENT_COLOR_NAME = AccentColor;
				CODE_SIGN_STYLE = Automatic;
				CURRENT_PROJECT_VERSION = 1;
				DEVELOPMENT_ASSET_PATHS = "\"HappyBirthday/Preview Content\"";
				DEVELOPMENT_TEAM = 9HLG8CJVW2;
				ENABLE_PREVIEWS = YES;
				GENERATE_INFOPLIST_FILE = YES;
				INFOPLIST_FILE = HappyBirthday/Info.plist;
				INFOPLIST_KEY_CFBundleDisplayName = Birthday;
				INFOPLIST_KEY_LSApplicationCategoryType = "public.app-category.lifestyle";
				INFOPLIST_KEY_NSCameraUsageDescription = "This application needs permission to use your camera.";
				INFOPLIST_KEY_NSPhotoLibraryAddUsageDescription = "This application needs permission to save Photos to your library.";
				INFOPLIST_KEY_NSPhotoLibraryUsageDescription = "This application saves Photos to your library.";
				INFOPLIST_KEY_UIApplicationSceneManifest_Generation = YES;
				INFOPLIST_KEY_UIApplicationSupportsIndirectInputEvents = YES;
				INFOPLIST_KEY_UILaunchScreen_Generation = YES;
				INFOPLIST_KEY_UISupportedInterfaceOrientations = UIInterfaceOrientationPortrait;
				INFOPLIST_KEY_UISupportedInterfaceOrientations_iPad = "UIInterfaceOrientationLandscapeLeft UIInterfaceOrientationLandscapeRight UIInterfaceOrientationPortrait UIInterfaceOrientationPortraitUpsideDown";
				LD_RUNPATH_SEARCH_PATHS = (
					"$(inherited)",
					"@executable_path/Frameworks",
				);
				MARKETING_VERSION = 5.5;
				PRODUCT_BUNDLE_IDENTIFIER = YY.HappyBirthday;
				PRODUCT_NAME = "$(TARGET_NAME)";
				SUPPORTED_PLATFORMS = "iphoneos iphonesimulator";
				SUPPORTS_MACCATALYST = NO;
				SUPPORTS_MAC_DESIGNED_FOR_IPHONE_IPAD = NO;
				SUPPORTS_XR_DESIGNED_FOR_IPHONE_IPAD = NO;
				SWIFT_EMIT_LOC_STRINGS = YES;
				SWIFT_VERSION = 5.0;
				TARGETED_DEVICE_FAMILY = "1,2";
			};
			name = Debug;
		};
		0D1202722BDAB7A5004F1746 /* Release */ = {
			isa = XCBuildConfiguration;
			buildSettings = {
				ASSETCATALOG_COMPILER_APPICON_NAME = AppIcon;
				ASSETCATALOG_COMPILER_GLOBAL_ACCENT_COLOR_NAME = AccentColor;
				CODE_SIGN_STYLE = Automatic;
				CURRENT_PROJECT_VERSION = 1;
				DEVELOPMENT_ASSET_PATHS = "\"HappyBirthday/Preview Content\"";
				DEVELOPMENT_TEAM = 9HLG8CJVW2;
				ENABLE_PREVIEWS = YES;
				GENERATE_INFOPLIST_FILE = YES;
				INFOPLIST_FILE = HappyBirthday/Info.plist;
				INFOPLIST_KEY_CFBundleDisplayName = Birthday;
				INFOPLIST_KEY_LSApplicationCategoryType = "public.app-category.lifestyle";
				INFOPLIST_KEY_NSCameraUsageDescription = "This application needs permission to use your camera.";
				INFOPLIST_KEY_NSPhotoLibraryAddUsageDescription = "This application needs permission to save Photos to your library.";
				INFOPLIST_KEY_NSPhotoLibraryUsageDescription = "This application saves Photos to your library.";
				INFOPLIST_KEY_UIApplicationSceneManifest_Generation = YES;
				INFOPLIST_KEY_UIApplicationSupportsIndirectInputEvents = YES;
				INFOPLIST_KEY_UILaunchScreen_Generation = YES;
				INFOPLIST_KEY_UISupportedInterfaceOrientations = UIInterfaceOrientationPortrait;
				INFOPLIST_KEY_UISupportedInterfaceOrientations_iPad = "UIInterfaceOrientationLandscapeLeft UIInterfaceOrientationLandscapeRight UIInterfaceOrientationPortrait UIInterfaceOrientationPortraitUpsideDown";
				LD_RUNPATH_SEARCH_PATHS = (
					"$(inherited)",
					"@executable_path/Frameworks",
				);
				MARKETING_VERSION = 5.5;
				PRODUCT_BUNDLE_IDENTIFIER = YY.HappyBirthday;
				PRODUCT_NAME = "$(TARGET_NAME)";
				SUPPORTED_PLATFORMS = "iphoneos iphonesimulator";
				SUPPORTS_MACCATALYST = NO;
				SUPPORTS_MAC_DESIGNED_FOR_IPHONE_IPAD = NO;
				SUPPORTS_XR_DESIGNED_FOR_IPHONE_IPAD = NO;
				SWIFT_EMIT_LOC_STRINGS = YES;
				SWIFT_VERSION = 5.0;
				TARGETED_DEVICE_FAMILY = "1,2";
			};
			name = Release;
		};
		0D1202742BDAB7A5004F1746 /* Debug */ = {
			isa = XCBuildConfiguration;
			buildSettings = {
				ALWAYS_EMBED_SWIFT_STANDARD_LIBRARIES = YES;
				BUNDLE_LOADER = "$(TEST_HOST)";
				CODE_SIGN_STYLE = Automatic;
				CURRENT_PROJECT_VERSION = 1;
				DEVELOPMENT_TEAM = 9HLG8CJVW2;
				GENERATE_INFOPLIST_FILE = YES;
				IPHONEOS_DEPLOYMENT_TARGET = 17.4;
				MARKETING_VERSION = 1.0;
				PRODUCT_BUNDLE_IDENTIFIER = YY.HappyBirthdayTests;
				PRODUCT_NAME = "$(TARGET_NAME)";
				SWIFT_EMIT_LOC_STRINGS = NO;
				SWIFT_VERSION = 5.0;
				TARGETED_DEVICE_FAMILY = "1,2";
				TEST_HOST = "$(BUILT_PRODUCTS_DIR)/HappyBirthday.app/$(BUNDLE_EXECUTABLE_FOLDER_PATH)/HappyBirthday";
			};
			name = Debug;
		};
		0D1202752BDAB7A5004F1746 /* Release */ = {
			isa = XCBuildConfiguration;
			buildSettings = {
				ALWAYS_EMBED_SWIFT_STANDARD_LIBRARIES = YES;
				BUNDLE_LOADER = "$(TEST_HOST)";
				CODE_SIGN_STYLE = Automatic;
				CURRENT_PROJECT_VERSION = 1;
				DEVELOPMENT_TEAM = 9HLG8CJVW2;
				GENERATE_INFOPLIST_FILE = YES;
				IPHONEOS_DEPLOYMENT_TARGET = 17.4;
				MARKETING_VERSION = 1.0;
				PRODUCT_BUNDLE_IDENTIFIER = YY.HappyBirthdayTests;
				PRODUCT_NAME = "$(TARGET_NAME)";
				SWIFT_EMIT_LOC_STRINGS = NO;
				SWIFT_VERSION = 5.0;
				TARGETED_DEVICE_FAMILY = "1,2";
				TEST_HOST = "$(BUILT_PRODUCTS_DIR)/HappyBirthday.app/$(BUNDLE_EXECUTABLE_FOLDER_PATH)/HappyBirthday";
			};
			name = Release;
		};
		0D1202772BDAB7A5004F1746 /* Debug */ = {
			isa = XCBuildConfiguration;
			buildSettings = {
				ALWAYS_EMBED_SWIFT_STANDARD_LIBRARIES = YES;
				CODE_SIGN_STYLE = Automatic;
				CURRENT_PROJECT_VERSION = 1;
				DEVELOPMENT_TEAM = 9HLG8CJVW2;
				GENERATE_INFOPLIST_FILE = YES;
				MARKETING_VERSION = 1.0;
				PRODUCT_BUNDLE_IDENTIFIER = YY.HappyBirthdayUITests;
				PRODUCT_NAME = "$(TARGET_NAME)";
				SWIFT_EMIT_LOC_STRINGS = NO;
				SWIFT_VERSION = 5.0;
				TARGETED_DEVICE_FAMILY = "1,2";
				TEST_TARGET_NAME = HappyBirthday;
			};
			name = Debug;
		};
		0D1202782BDAB7A5004F1746 /* Release */ = {
			isa = XCBuildConfiguration;
			buildSettings = {
				ALWAYS_EMBED_SWIFT_STANDARD_LIBRARIES = YES;
				CODE_SIGN_STYLE = Automatic;
				CURRENT_PROJECT_VERSION = 1;
				DEVELOPMENT_TEAM = 9HLG8CJVW2;
				GENERATE_INFOPLIST_FILE = YES;
				MARKETING_VERSION = 1.0;
				PRODUCT_BUNDLE_IDENTIFIER = YY.HappyBirthdayUITests;
				PRODUCT_NAME = "$(TARGET_NAME)";
				SWIFT_EMIT_LOC_STRINGS = NO;
				SWIFT_VERSION = 5.0;
				TARGETED_DEVICE_FAMILY = "1,2";
				TEST_TARGET_NAME = HappyBirthday;
			};
			name = Release;
		};
/* End XCBuildConfiguration section */

/* Begin XCConfigurationList section */
		0D1202452BDAB7A3004F1746 /* Build configuration list for PBXProject "HappyBirthday" */ = {
			isa = XCConfigurationList;
			buildConfigurations = (
				0D12026E2BDAB7A5004F1746 /* Debug */,
				0D12026F2BDAB7A5004F1746 /* Release */,
			);
			defaultConfigurationIsVisible = 0;
			defaultConfigurationName = Release;
		};
		0D1202702BDAB7A5004F1746 /* Build configuration list for PBXNativeTarget "HappyBirthday" */ = {
			isa = XCConfigurationList;
			buildConfigurations = (
				0D1202712BDAB7A5004F1746 /* Debug */,
				0D1202722BDAB7A5004F1746 /* Release */,
			);
			defaultConfigurationIsVisible = 0;
			defaultConfigurationName = Release;
		};
		0D1202732BDAB7A5004F1746 /* Build configuration list for PBXNativeTarget "HappyBirthdayTests" */ = {
			isa = XCConfigurationList;
			buildConfigurations = (
				0D1202742BDAB7A5004F1746 /* Debug */,
				0D1202752BDAB7A5004F1746 /* Release */,
			);
			defaultConfigurationIsVisible = 0;
			defaultConfigurationName = Release;
		};
		0D1202762BDAB7A5004F1746 /* Build configuration list for PBXNativeTarget "HappyBirthdayUITests" */ = {
			isa = XCConfigurationList;
			buildConfigurations = (
				0D1202772BDAB7A5004F1746 /* Debug */,
				0D1202782BDAB7A5004F1746 /* Release */,
			);
			defaultConfigurationIsVisible = 0;
			defaultConfigurationName = Release;
		};
/* End XCConfigurationList section */
	};
	rootObject = 0D1202422BDAB7A3004F1746 /* Project object */;
}
